
Microsoft Visual Studio Solution File, Format Version 12.00
# Visual Studio Version 16
VisualStudioVersion = 16.0.29009.5
MinimumVisualStudioVersion = 10.0.40219.1
Project("{FAE04EC0-301F-11D3-BF4B-00C04F79EFBC}") = "PharmaFactory", "PharmaFactory\PharmaFactory.csproj", "{FD05EA90-C280-4B3F-AB4B-BFB7B7C1EEE6}"
EndProject
Project("{FAE04EC0-301F-11D3-BF4B-00C04F79EFBC}") = "PharmaFactory.Tests", "PharmaFactory.Tests\PharmaFactory.Tests.csproj", "{7A0B1A17-94F2-4127-AE6C-D3E677706ED8}"
EndProject
Global
	GlobalSection(SolutionConfigurationPlatforms) = preSolution
		Debug|Any CPU = Debug|Any CPU
		Release|Any CPU = Release|Any CPU
	EndGlobalSection
	GlobalSection(ProjectConfigurationPlatforms) = postSolution
		{FD05EA90-C280-4B3F-AB4B-BFB7B7C1EEE6}.Debug|Any CPU.ActiveCfg = Debug|Any CPU
		{FD05EA90-C280-4B3F-AB4B-BFB7B7C1EEE6}.Debug|Any CPU.Build.0 = Debug|Any CPU
		{FD05EA90-C280-4B3F-AB4B-BFB7B7C1EEE6}.Release|Any CPU.ActiveCfg = Release|Any CPU
		{FD05EA90-C280-4B3F-AB4B-BFB7B7C1EEE6}.Release|Any CPU.Build.0 = Release|Any CPU
		{7A0B1A17-94F2-4127-AE6C-D3E677706ED8}.Debug|Any CPU.ActiveCfg = Debug|Any CPU
		{7A0B1A17-94F2-4127-AE6C-D3E677706ED8}.Debug|Any CPU.Build.0 = Debug|Any CPU
		{7A0B1A17-94F2-4127-AE6C-D3E677706ED8}.Release|Any CPU.ActiveCfg = Release|Any CPU
		{7A0B1A17-94F2-4127-AE6C-D3E677706ED8}.Release|Any CPU.Build.0 = Release|Any CPU
	EndGlobalSection
	GlobalSection(SolutionProperties) = preSolution
		HideSolutionNode = FALSE
	EndGlobalSection
	GlobalSection(ExtensibilityGlobals) = postSolution
		SolutionGuid = {B5F6BF47-9FB3-442D-83CC-7A1EE4375367}
	EndGlobalSection
EndGlobal
